
Microsoft Visual Studio Solution File, Format Version 12.00
# Visual Studio Version 17
VisualStudioVersion = 17.11.35327.3
MinimumVisualStudioVersion = 10.0.40219.1
Project("{8BC9CEB8-8B4A-11D0-8D11-00A0C91BC942}") = "Rectangle", "Rectangle.vcxproj", "{ED71A8F2-517D-4C01-BC8C-BA8B9D9C3BBF}"
EndProject
Global
	GlobalSection(SolutionConfigurationPlatforms) = preSolution
		Debug|x64 = Debug|x64
		Debug|x86 = Debug|x86
		Release|x64 = Release|x64
		Release|x86 = Release|x86
	EndGlobalSection
	GlobalSection(ProjectConfigurationPlatforms) = postSolution
		{ED71A8F2-517D-4C01-BC8C-BA8B9D9C3BBF}.Debug|x64.ActiveCfg = Debug|x64
		{ED71A8F2-517D-4C01-BC8C-BA8B9D9C3BBF}.Debug|x64.Build.0 = Debug|x64
		{ED71A8F2-517D-4C01-BC8C-BA8B9D9C3BBF}.Debug|x86.ActiveCfg = Debug|Win32
		{ED71A8F2-517D-4C01-BC8C-BA8B9D9C3BBF}.Debug|x86.Build.0 = Debug|Win32
		{ED71A8F2-517D-4C01-BC8C-BA8B9D9C3BBF}.Release|x64.ActiveCfg = Release|x64
		{ED71A8F2-517D-4C01-BC8C-BA8B9D9C3BBF}.Release|x64.Build.0 = Release|x64
		{ED71A8F2-517D-4C01-BC8C-BA8B9D9C3BBF}.Release|x86.ActiveCfg = Release|Win32
		{ED71A8F2-517D-4C01-BC8C-BA8B9D9C3BBF}.Release|x86.Build.0 = Release|Win32
	EndGlobalSection
	GlobalSection(SolutionProperties) = preSolution
		HideSolutionNode = FALSE
	EndGlobalSection
	GlobalSection(ExtensibilityGlobals) = postSolution
		SolutionGuid = {BBE56167-96F8-41A9-A055-CDDC00214B22}
	EndGlobalSection
EndGlobal
